
Microsoft Visual Studio Solution File, Format Version 12.00
# Visual Studio Version 16
VisualStudioVersion = 16.0.29806.167
MinimumVisualStudioVersion = 10.0.40219.1
Project("{FAE04EC0-301F-11D3-BF4B-00C04F79EFBC}") = "Sale_EFChapter3", "Sale_EFChapter3\Sale_EFChapter3.csproj", "{DBD962B1-8DD2-4148-B2ED-94AF9466DE81}"
EndProject
Global
	GlobalSection(SolutionConfigurationPlatforms) = preSolution
		Debug|Any CPU = Debug|Any CPU
		Release|Any CPU = Release|Any CPU
	EndGlobalSection
	GlobalSection(ProjectConfigurationPlatforms) = postSolution
		{DBD962B1-8DD2-4148-B2ED-94AF9466DE81}.Debug|Any CPU.ActiveCfg = Debug|Any CPU
		{DBD962B1-8DD2-4148-B2ED-94AF9466DE81}.Debug|Any CPU.Build.0 = Debug|Any CPU
		{DBD962B1-8DD2-4148-B2ED-94AF9466DE81}.Release|Any CPU.ActiveCfg = Release|Any CPU
		{DBD962B1-8DD2-4148-B2ED-94AF9466DE81}.Release|Any CPU.Build.0 = Release|Any CPU
	EndGlobalSection
	GlobalSection(SolutionProperties) = preSolution
		HideSolutionNode = FALSE
	EndGlobalSection
	GlobalSection(ExtensibilityGlobals) = postSolution
		SolutionGuid = {2CF8F98C-B483-482D-920D-55873A119F65}
	EndGlobalSection
EndGlobal
